
Microsoft Visual Studio Solution File, Format Version 12.00
# Visual Studio Version 16
VisualStudioVersion = 16.0.29709.97
MinimumVisualStudioVersion = 10.0.40219.1
Project("{9A19103F-16F7-4668-BE54-9A1E7A4F7556}") = "Heck_16365660_AspNet_Asg6", "Heck_16365660_AspNet_Asg6.csproj", "{0BCE087C-2E43-40DA-BDA4-678ED742EC66}"
EndProject
Global
	GlobalSection(SolutionConfigurationPlatforms) = preSolution
		Debug|Any CPU = Debug|Any CPU
		Release|Any CPU = Release|Any CPU
	EndGlobalSection
	GlobalSection(ProjectConfigurationPlatforms) = postSolution
		{0BCE087C-2E43-40DA-BDA4-678ED742EC66}.Debug|Any CPU.ActiveCfg = Debug|Any CPU
		{0BCE087C-2E43-40DA-BDA4-678ED742EC66}.Debug|Any CPU.Build.0 = Debug|Any CPU
		{0BCE087C-2E43-40DA-BDA4-678ED742EC66}.Release|Any CPU.ActiveCfg = Release|Any CPU
		{0BCE087C-2E43-40DA-BDA4-678ED742EC66}.Release|Any CPU.Build.0 = Release|Any CPU
	EndGlobalSection
	GlobalSection(SolutionProperties) = preSolution
		HideSolutionNode = FALSE
	EndGlobalSection
	GlobalSection(ExtensibilityGlobals) = postSolution
		SolutionGuid = {202C4F15-A51F-449F-AE1A-0DC28176622F}
	EndGlobalSection
EndGlobal
